{
  "lockfileVersion": 1,
  "configVersion": 0,
  "workspaces": {
    "": {
      "name": "pulse-api",
      "dependencies": {
        "@ai-sdk/anthropic": "^1.2.12",
        "@ai-sdk/gateway": "^3.0.5",
        "@ai-sdk/groq": "^1.2.9",
        "@ai-sdk/openai": "^1.3.22",
        "@ai-sdk/xai": "^1.2.16",
        "@clerk/backend": "^1.27.0",
        "@hono/node-server": "^1.13.0",
        "@neondatabase/serverless": "^0.10.4",
        "@sentry/node": "^10.32.1",
        "@sentry/profiling-node": "^10.32.1",
        "ai": "^6.0.6",
        "dotenv": "^16.5.0",
        "hono": "^4.6.0",
        "pino": "^9.6.0",
        "pino-pretty": "^11.0.0",
        "redis": "^4.7.0",
        "zod": "^3.24.1",
      },
      "devDependencies": {
        "@types/node": "^22.0.0",
        "typescript": "^5.8.3",
      },
    },
  },
  "packages": {
    "@ai-sdk/anthropic": ["@ai-sdk/anthropic@1.2.12", "", { "dependencies": { "@ai-sdk/provider": "1.1.3", "@ai-sdk/provider-utils": "2.2.8" }, "peerDependencies": { "zod": "^3.0.0" } }, ""],

    "@ai-sdk/gateway": ["@ai-sdk/gateway@3.0.5", "", { "dependencies": { "@ai-sdk/provider": "3.0.1", "@ai-sdk/provider-utils": "4.0.2", "@vercel/oidc": "3.0.5" }, "peerDependencies": { "zod": "^3.25.76 || ^4.1.8" } }, "sha512-AtxA1wcoKTHr9uFoC5KZEXqJP4SMW4j3VbcliUECUYssbWbePJ9+b3AaCny1lxf1xhDK9EIyAgBOKhXoQSr9nA=="],

    "@ai-sdk/groq": ["@ai-sdk/groq@1.2.9", "", { "dependencies": { "@ai-sdk/provider": "1.1.3", "@ai-sdk/provider-utils": "2.2.8" }, "peerDependencies": { "zod": "^3.0.0" } }, "sha512-7MoDaxm8yWtiRbD1LipYZG0kBl+Xe0sv/EeyxnHnGPZappXdlgtdOgTZVjjXkT3nWP30jjZi9A45zoVrBMb3Xg=="],

    "@ai-sdk/openai": ["@ai-sdk/openai@1.3.24", "", { "dependencies": { "@ai-sdk/provider": "1.1.3", "@ai-sdk/provider-utils": "2.2.8" }, "peerDependencies": { "zod": "^3.0.0" } }, "sha512-GYXnGJTHRTZc4gJMSmFRgEQudjqd4PUN0ZjQhPwOAYH1yOAvQoG/Ikqs+HyISRbLPCrhbZnPKCNHuRU4OfpW0Q=="],

    "@ai-sdk/openai-compatible": ["@ai-sdk/openai-compatible@0.2.16", "", { "dependencies": { "@ai-sdk/provider": "1.1.3", "@ai-sdk/provider-utils": "2.2.8" }, "peerDependencies": { "zod": "^3.0.0" } }, ""],

    "@ai-sdk/provider": ["@ai-sdk/provider@1.1.3", "", { "dependencies": { "json-schema": "^0.4.0" } }, ""],

    "@ai-sdk/provider-utils": ["@ai-sdk/provider-utils@2.2.8", "", { "dependencies": { "@ai-sdk/provider": "1.1.3", "nanoid": "^3.3.8", "secure-json-parse": "^2.7.0" }, "peerDependencies": { "zod": "^3.23.8" } }, ""],

    "@ai-sdk/xai": ["@ai-sdk/xai@1.2.18", "", { "dependencies": { "@ai-sdk/openai-compatible": "0.2.16", "@ai-sdk/provider": "1.1.3", "@ai-sdk/provider-utils": "2.2.8" }, "peerDependencies": { "zod": "^3.0.0" } }, ""],

    "@apm-js-collab/code-transformer": ["@apm-js-collab/code-transformer@0.8.2", "", {}, "sha512-YRjJjNq5KFSjDUoqu5pFUWrrsvGOxl6c3bu+uMFc9HNNptZ2rNU/TI2nLw4jnhQNtka972Ee2m3uqbvDQtPeCA=="],

    "@apm-js-collab/tracing-hooks": ["@apm-js-collab/tracing-hooks@0.3.1", "", { "dependencies": { "@apm-js-collab/code-transformer": "^0.8.0", "debug": "^4.4.1", "module-details-from-path": "^1.0.4" } }, "sha512-Vu1CbmPURlN5fTboVuKMoJjbO5qcq9fA5YXpskx3dXe/zTBvjODFoerw+69rVBlRLrJpwPqSDqEuJDEKIrTldw=="],

    "@clerk/backend": ["@clerk/backend@1.34.0", "", { "dependencies": { "@clerk/shared": "^3.9.5", "@clerk/types": "^4.59.3", "cookie": "1.0.2", "snakecase-keys": "8.0.1", "tslib": "2.8.1" }, "peerDependencies": { "svix": "^1.62.0" }, "optionalPeers": ["svix"] }, ""],

    "@clerk/shared": ["@clerk/shared@3.41.1", "", { "dependencies": { "csstype": "3.1.3", "dequal": "2.0.3", "glob-to-regexp": "0.4.1", "js-cookie": "3.0.5", "std-env": "^3.9.0", "swr": "2.3.4" }, "peerDependencies": { "react": "^18.0.0 || ~19.0.3 || ~19.1.4 || ~19.2.3 || ~19.3.0-0", "react-dom": "^18.0.0 || ~19.0.3 || ~19.1.4 || ~19.2.3 || ~19.3.0-0" }, "optionalPeers": ["react-dom"] }, ""],

    "@clerk/types": ["@clerk/types@4.101.9", "", { "dependencies": { "@clerk/shared": "^3.41.1" } }, ""],

    "@hono/node-server": ["@hono/node-server@1.19.7", "", { "peerDependencies": { "hono": "^4" } }, ""],

    "@neondatabase/serverless": ["@neondatabase/serverless@0.10.4", "", { "dependencies": { "@types/pg": "8.11.6" } }, ""],

    "@opentelemetry/api": ["@opentelemetry/api@1.9.0", "", {}, ""],

    "@opentelemetry/api-logs": ["@opentelemetry/api-logs@0.208.0", "", { "dependencies": { "@opentelemetry/api": "^1.3.0" } }, "sha512-CjruKY9V6NMssL/T1kAFgzosF1v9o6oeN+aX5JB/C/xPNtmgIJqcXHG7fA82Ou1zCpWGl4lROQUKwUNE1pMCyg=="],

    "@opentelemetry/context-async-hooks": ["@opentelemetry/context-async-hooks@2.2.0", "", { "peerDependencies": { "@opentelemetry/api": ">=1.0.0 <1.10.0" } }, "sha512-qRkLWiUEZNAmYapZ7KGS5C4OmBLcP/H2foXeOEaowYCR0wi89fHejrfYfbuLVCMLp/dWZXKvQusdbUEZjERfwQ=="],

    "@opentelemetry/core": ["@opentelemetry/core@2.2.0", "", { "dependencies": { "@opentelemetry/semantic-conventions": "^1.29.0" }, "peerDependencies": { "@opentelemetry/api": ">=1.0.0 <1.10.0" } }, "sha512-FuabnnUm8LflnieVxs6eP7Z383hgQU4W1e3KJS6aOG3RxWxcHyBxH8fDMHNgu/gFx/M2jvTOW/4/PHhLz6bjWw=="],

    "@opentelemetry/instrumentation": ["@opentelemetry/instrumentation@0.208.0", "", { "dependencies": { "@opentelemetry/api-logs": "0.208.0", "import-in-the-middle": "^2.0.0", "require-in-the-middle": "^8.0.0" }, "peerDependencies": { "@opentelemetry/api": "^1.3.0" } }, "sha512-Eju0L4qWcQS+oXxi6pgh7zvE2byogAkcsVv0OjHF/97iOz1N/aKE6etSGowYkie+YA1uo6DNwdSxaaNnLvcRlA=="],

    "@opentelemetry/instrumentation-amqplib": ["@opentelemetry/instrumentation-amqplib@0.55.0", "", { "dependencies": { "@opentelemetry/core": "^2.0.0", "@opentelemetry/instrumentation": "^0.208.0" }, "peerDependencies": { "@opentelemetry/api": "^1.3.0" } }, "sha512-5ULoU8p+tWcQw5PDYZn8rySptGSLZHNX/7srqo2TioPnAAcvTy6sQFQXsNPrAnyRRtYGMetXVyZUy5OaX1+IfA=="],

    "@opentelemetry/instrumentation-connect": ["@opentelemetry/instrumentation-connect@0.52.0", "", { "dependencies": { "@opentelemetry/core": "^2.0.0", "@opentelemetry/instrumentation": "^0.208.0", "@opentelemetry/semantic-conventions": "^1.27.0", "@types/connect": "3.4.38" }, "peerDependencies": { "@opentelemetry/api": "^1.3.0" } }, "sha512-GXPxfNB5szMbV3I9b7kNWSmQBoBzw7MT0ui6iU/p+NIzVx3a06Ri2cdQO7tG9EKb4aKSLmfX9Cw5cKxXqX6Ohg=="],

    "@opentelemetry/instrumentation-dataloader": ["@opentelemetry/instrumentation-dataloader@0.26.0", "", { "dependencies": { "@opentelemetry/instrumentation": "^0.208.0" }, "peerDependencies": { "@opentelemetry/api": "^1.3.0" } }, "sha512-P2BgnFfTOarZ5OKPmYfbXfDFjQ4P9WkQ1Jji7yH5/WwB6Wm/knynAoA1rxbjWcDlYupFkyT0M1j6XLzDzy0aCA=="],

    "@opentelemetry/instrumentation-express": ["@opentelemetry/instrumentation-express@0.57.0", "", { "dependencies": { "@opentelemetry/core": "^2.0.0", "@opentelemetry/instrumentation": "^0.208.0", "@opentelemetry/semantic-conventions": "^1.27.0" }, "peerDependencies": { "@opentelemetry/api": "^1.3.0" } }, "sha512-HAdx/o58+8tSR5iW+ru4PHnEejyKrAy9fYFhlEI81o10nYxrGahnMAHWiSjhDC7UQSY3I4gjcPgSKQz4rm/asg=="],

    "@opentelemetry/instrumentation-fs": ["@opentelemetry/instrumentation-fs@0.28.0", "", { "dependencies": { "@opentelemetry/core": "^2.0.0", "@opentelemetry/instrumentation": "^0.208.0" }, "peerDependencies": { "@opentelemetry/api": "^1.3.0" } }, "sha512-FFvg8fq53RRXVBRHZViP+EMxMR03tqzEGpuq55lHNbVPyFklSVfQBN50syPhK5UYYwaStx0eyCtHtbRreusc5g=="],

    "@opentelemetry/instrumentation-generic-pool": ["@opentelemetry/instrumentation-generic-pool@0.52.0", "", { "dependencies": { "@opentelemetry/instrumentation": "^0.208.0" }, "peerDependencies": { "@opentelemetry/api": "^1.3.0" } }, "sha512-ISkNcv5CM2IwvsMVL31Tl61/p2Zm2I2NAsYq5SSBgOsOndT0TjnptjufYVScCnD5ZLD1tpl4T3GEYULLYOdIdQ=="],

    "@opentelemetry/instrumentation-graphql": ["@opentelemetry/instrumentation-graphql@0.56.0", "", { "dependencies": { "@opentelemetry/instrumentation": "^0.208.0" }, "peerDependencies": { "@opentelemetry/api": "^1.3.0" } }, "sha512-IPvNk8AFoVzTAM0Z399t34VDmGDgwT6rIqCUug8P9oAGerl2/PEIYMPOl/rerPGu+q8gSWdmbFSjgg7PDVRd3Q=="],

    "@opentelemetry/instrumentation-hapi": ["@opentelemetry/instrumentation-hapi@0.55.0", "", { "dependencies": { "@opentelemetry/core": "^2.0.0", "@opentelemetry/instrumentation": "^0.208.0", "@opentelemetry/semantic-conventions": "^1.27.0" }, "peerDependencies": { "@opentelemetry/api": "^1.3.0" } }, "sha512-prqAkRf9e4eEpy4G3UcR32prKE8NLNlA90TdEU1UsghOTg0jUvs40Jz8LQWFEs5NbLbXHYGzB4CYVkCI8eWEVQ=="],

    "@opentelemetry/instrumentation-http": ["@opentelemetry/instrumentation-http@0.208.0", "", { "dependencies": { "@opentelemetry/core": "2.2.0", "@opentelemetry/instrumentation": "0.208.0", "@opentelemetry/semantic-conventions": "^1.29.0", "forwarded-parse": "2.1.2" }, "peerDependencies": { "@opentelemetry/api": "^1.3.0" } }, "sha512-rhmK46DRWEbQQB77RxmVXGyjs6783crXCnFjYQj+4tDH/Kpv9Rbg3h2kaNyp5Vz2emF1f9HOQQvZoHzwMWOFZQ=="],

    "@opentelemetry/instrumentation-ioredis": ["@opentelemetry/instrumentation-ioredis@0.56.0", "", { "dependencies": { "@opentelemetry/instrumentation": "^0.208.0", "@opentelemetry/redis-common": "^0.38.2" }, "peerDependencies": { "@opentelemetry/api": "^1.3.0" } }, "sha512-XSWeqsd3rKSsT3WBz/JKJDcZD4QYElZEa0xVdX8f9dh4h4QgXhKRLorVsVkK3uXFbC2sZKAS2Ds+YolGwD83Dg=="],

    "@opentelemetry/instrumentation-kafkajs": ["@opentelemetry/instrumentation-kafkajs@0.18.0", "", { "dependencies": { "@opentelemetry/instrumentation": "^0.208.0", "@opentelemetry/semantic-conventions": "^1.30.0" }, "peerDependencies": { "@opentelemetry/api": "^1.3.0" } }, "sha512-KCL/1HnZN5zkUMgPyOxfGjLjbXjpd4odDToy+7c+UsthIzVLFf99LnfIBE8YSSrYE4+uS7OwJMhvhg3tWjqMBg=="],

    "@opentelemetry/instrumentation-knex": ["@opentelemetry/instrumentation-knex@0.53.0", "", { "dependencies": { "@opentelemetry/instrumentation": "^0.208.0", "@opentelemetry/semantic-conventions": "^1.33.1" }, "peerDependencies": { "@opentelemetry/api": "^1.3.0" } }, "sha512-xngn5cH2mVXFmiT1XfQ1aHqq1m4xb5wvU6j9lSgLlihJ1bXzsO543cpDwjrZm2nMrlpddBf55w8+bfS4qDh60g=="],

    "@opentelemetry/instrumentation-koa": ["@opentelemetry/instrumentation-koa@0.57.0", "", { "dependencies": { "@opentelemetry/core": "^2.0.0", "@opentelemetry/instrumentation": "^0.208.0", "@opentelemetry/semantic-conventions": "^1.36.0" }, "peerDependencies": { "@opentelemetry/api": "^1.9.0" } }, "sha512-3JS8PU/D5E3q295mwloU2v7c7/m+DyCqdu62BIzWt+3u9utjxC9QS7v6WmUNuoDN3RM+Q+D1Gpj13ERo+m7CGg=="],

    "@opentelemetry/instrumentation-lru-memoizer": ["@opentelemetry/instrumentation-lru-memoizer@0.53.0", "", { "dependencies": { "@opentelemetry/instrumentation": "^0.208.0" }, "peerDependencies": { "@opentelemetry/api": "^1.3.0" } }, "sha512-LDwWz5cPkWWr0HBIuZUjslyvijljTwmwiItpMTHujaULZCxcYE9eU44Qf/pbVC8TulT0IhZi+RoGvHKXvNhysw=="],

    "@opentelemetry/instrumentation-mongodb": ["@opentelemetry/instrumentation-mongodb@0.61.0", "", { "dependencies": { "@opentelemetry/instrumentation": "^0.208.0" }, "peerDependencies": { "@opentelemetry/api": "^1.3.0" } }, "sha512-OV3i2DSoY5M/pmLk+68xr5RvkHU8DRB3DKMzYJdwDdcxeLs62tLbkmRyqJZsYf3Ht7j11rq35pHOWLuLzXL7pQ=="],

    "@opentelemetry/instrumentation-mongoose": ["@opentelemetry/instrumentation-mongoose@0.55.0", "", { "dependencies": { "@opentelemetry/core": "^2.0.0", "@opentelemetry/instrumentation": "^0.208.0" }, "peerDependencies": { "@opentelemetry/api": "^1.3.0" } }, "sha512-5afj0HfF6aM6Nlqgu6/PPHFk8QBfIe3+zF9FGpX76jWPS0/dujoEYn82/XcLSaW5LPUDW8sni+YeK0vTBNri+w=="],

    "@opentelemetry/instrumentation-mysql": ["@opentelemetry/instrumentation-mysql@0.54.0", "", { "dependencies": { "@opentelemetry/instrumentation": "^0.208.0", "@types/mysql": "2.15.27" }, "peerDependencies": { "@opentelemetry/api": "^1.3.0" } }, "sha512-bqC1YhnwAeWmRzy1/Xf9cDqxNG2d/JDkaxnqF5N6iJKN1eVWI+vg7NfDkf52/Nggp3tl1jcC++ptC61BD6738A=="],

    "@opentelemetry/instrumentation-mysql2": ["@opentelemetry/instrumentation-mysql2@0.55.0", "", { "dependencies": { "@opentelemetry/instrumentation": "^0.208.0", "@opentelemetry/semantic-conventions": "^1.33.0", "@opentelemetry/sql-common": "^0.41.2" }, "peerDependencies": { "@opentelemetry/api": "^1.3.0" } }, "sha512-0cs8whQG55aIi20gnK8B7cco6OK6N+enNhW0p5284MvqJ5EPi+I1YlWsWXgzv/V2HFirEejkvKiI4Iw21OqDWg=="],

    "@opentelemetry/instrumentation-pg": ["@opentelemetry/instrumentation-pg@0.61.0", "", { "dependencies": { "@opentelemetry/core": "^2.0.0", "@opentelemetry/instrumentation": "^0.208.0", "@opentelemetry/semantic-conventions": "^1.34.0", "@opentelemetry/sql-common": "^0.41.2", "@types/pg": "8.15.6", "@types/pg-pool": "2.0.6" }, "peerDependencies": { "@opentelemetry/api": "^1.3.0" } }, "sha512-UeV7KeTnRSM7ECHa3YscoklhUtTQPs6V6qYpG283AB7xpnPGCUCUfECFT9jFg6/iZOQTt3FHkB1wGTJCNZEvPw=="],

    "@opentelemetry/instrumentation-redis": ["@opentelemetry/instrumentation-redis@0.57.0", "", { "dependencies": { "@opentelemetry/instrumentation": "^0.208.0", "@opentelemetry/redis-common": "^0.38.2", "@opentelemetry/semantic-conventions": "^1.27.0" }, "peerDependencies": { "@opentelemetry/api": "^1.3.0" } }, "sha512-bCxTHQFXzrU3eU1LZnOZQ3s5LURxQPDlU3/upBzlWY77qOI1GZuGofazj3jtzjctMJeBEJhNwIFEgRPBX1kp/Q=="],

    "@opentelemetry/instrumentation-tedious": ["@opentelemetry/instrumentation-tedious@0.27.0", "", { "dependencies": { "@opentelemetry/instrumentation": "^0.208.0", "@types/tedious": "^4.0.14" }, "peerDependencies": { "@opentelemetry/api": "^1.3.0" } }, "sha512-jRtyUJNZppPBjPae4ZjIQ2eqJbcRaRfJkr0lQLHFmOU/no5A6e9s1OHLd5XZyZoBJ/ymngZitanyRRA5cniseA=="],

    "@opentelemetry/instrumentation-undici": ["@opentelemetry/instrumentation-undici@0.19.0", "", { "dependencies": { "@opentelemetry/core": "^2.0.0", "@opentelemetry/instrumentation": "^0.208.0", "@opentelemetry/semantic-conventions": "^1.24.0" }, "peerDependencies": { "@opentelemetry/api": "^1.7.0" } }, "sha512-Pst/RhR61A2OoZQZkn6OLpdVpXp6qn3Y92wXa6umfJe9rV640r4bc6SWvw4pPN6DiQqPu2c8gnSSZPDtC6JlpQ=="],

    "@opentelemetry/redis-common": ["@opentelemetry/redis-common@0.38.2", "", {}, "sha512-1BCcU93iwSRZvDAgwUxC/DV4T/406SkMfxGqu5ojc3AvNI+I9GhV7v0J1HljsczuuhcnFLYqD5VmwVXfCGHzxA=="],

    "@opentelemetry/resources": ["@opentelemetry/resources@2.2.0", "", { "dependencies": { "@opentelemetry/core": "2.2.0", "@opentelemetry/semantic-conventions": "^1.29.0" }, "peerDependencies": { "@opentelemetry/api": ">=1.3.0 <1.10.0" } }, "sha512-1pNQf/JazQTMA0BiO5NINUzH0cbLbbl7mntLa4aJNmCCXSj0q03T5ZXXL0zw4G55TjdL9Tz32cznGClf+8zr5A=="],

    "@opentelemetry/sdk-trace-base": ["@opentelemetry/sdk-trace-base@2.2.0", "", { "dependencies": { "@opentelemetry/core": "2.2.0", "@opentelemetry/resources": "2.2.0", "@opentelemetry/semantic-conventions": "^1.29.0" }, "peerDependencies": { "@opentelemetry/api": ">=1.3.0 <1.10.0" } }, "sha512-xWQgL0Bmctsalg6PaXExmzdedSp3gyKV8mQBwK/j9VGdCDu2fmXIb2gAehBKbkXCpJ4HPkgv3QfoJWRT4dHWbw=="],

    "@opentelemetry/semantic-conventions": ["@opentelemetry/semantic-conventions@1.38.0", "", {}, "sha512-kocjix+/sSggfJhwXqClZ3i9Y/MI0fp7b+g7kCRm6psy2dsf8uApTRclwG18h8Avm7C9+fnt+O36PspJ/OzoWg=="],

    "@opentelemetry/sql-common": ["@opentelemetry/sql-common@0.41.2", "", { "dependencies": { "@opentelemetry/core": "^2.0.0" }, "peerDependencies": { "@opentelemetry/api": "^1.1.0" } }, "sha512-4mhWm3Z8z+i508zQJ7r6Xi7y4mmoJpdvH0fZPFRkWrdp5fq7hhZ2HhYokEOLkfqSMgPR4Z9EyB3DBkbKGOqZiQ=="],

    "@pinojs/redact": ["@pinojs/redact@0.4.0", "", {}, ""],

    "@prisma/instrumentation": ["@prisma/instrumentation@6.19.0", "", { "dependencies": { "@opentelemetry/instrumentation": ">=0.52.0 <1" }, "peerDependencies": { "@opentelemetry/api": "^1.8" } }, "sha512-QcuYy25pkXM8BJ37wVFBO7Zh34nyRV1GOb2n3lPkkbRYfl4hWl3PTcImP41P0KrzVXfa/45p6eVCos27x3exIg=="],

    "@redis/bloom": ["@redis/bloom@1.2.0", "", { "peerDependencies": { "@redis/client": "^1.0.0" } }, "sha512-HG2DFjYKbpNmVXsa0keLHp/3leGJz1mjh09f2RLGGLQZzSHpkmZWuwJbAvo3QcRY8p80m5+ZdXZdYOSBLlp7Cg=="],

    "@redis/client": ["@redis/client@1.6.1", "", { "dependencies": { "cluster-key-slot": "1.1.2", "generic-pool": "3.9.0", "yallist": "4.0.0" } }, "sha512-/KCsg3xSlR+nCK8/8ZYSknYxvXHwubJrU82F3Lm1Fp6789VQ0/3RJKfsmRXjqfaTA++23CvC3hqmqe/2GEt6Kw=="],

    "@redis/graph": ["@redis/graph@1.1.1", "", { "peerDependencies": { "@redis/client": "^1.0.0" } }, "sha512-FEMTcTHZozZciLRl6GiiIB4zGm5z5F3F6a6FZCyrfxdKOhFlGkiAqlexWMBzCi4DcRoyiOsuLfW+cjlGWyExOw=="],

    "@redis/json": ["@redis/json@1.0.7", "", { "peerDependencies": { "@redis/client": "^1.0.0" } }, "sha512-6UyXfjVaTBTJtKNG4/9Z8PSpKE6XgSyEb8iwaqDcy+uKrd/DGYHTWkUdnQDyzm727V7p21WUMhsqz5oy65kPcQ=="],

    "@redis/search": ["@redis/search@1.2.0", "", { "peerDependencies": { "@redis/client": "^1.0.0" } }, "sha512-tYoDBbtqOVigEDMAcTGsRlMycIIjwMCgD8eR2t0NANeQmgK/lvxNAvYyb6bZDD4frHRhIHkJu2TBRvB0ERkOmw=="],

    "@redis/time-series": ["@redis/time-series@1.1.0", "", { "peerDependencies": { "@redis/client": "^1.0.0" } }, "sha512-c1Q99M5ljsIuc4YdaCwfUEXsofakb9c8+Zse2qxTadu8TalLXuAESzLvFAvNVbkmSlvlzIQOLpBCmWI9wTOt+g=="],

    "@sentry-internal/node-cpu-profiler": ["@sentry-internal/node-cpu-profiler@2.2.0", "", { "dependencies": { "detect-libc": "^2.0.3", "node-abi": "^3.73.0" } }, "sha512-oLHVYurqZfADPh5hvmQYS5qx8t0UZzT2u6+/68VXsFruQEOnYJTODKgU3BVLmemRs3WE6kCJjPeFdHVYOQGSzQ=="],

    "@sentry/core": ["@sentry/core@10.32.1", "", {}, "sha512-PH2ldpSJlhqsMj2vCTyU0BI2Fx1oIDhm7Izo5xFALvjVCS0gmlqHt1udu6YlKn8BtpGH6bGzssvv5APrk+OdPQ=="],

    "@sentry/node": ["@sentry/node@10.32.1", "", { "dependencies": { "@opentelemetry/api": "^1.9.0", "@opentelemetry/context-async-hooks": "^2.2.0", "@opentelemetry/core": "^2.2.0", "@opentelemetry/instrumentation": "^0.208.0", "@opentelemetry/instrumentation-amqplib": "0.55.0", "@opentelemetry/instrumentation-connect": "0.52.0", "@opentelemetry/instrumentation-dataloader": "0.26.0", "@opentelemetry/instrumentation-express": "0.57.0", "@opentelemetry/instrumentation-fs": "0.28.0", "@opentelemetry/instrumentation-generic-pool": "0.52.0", "@opentelemetry/instrumentation-graphql": "0.56.0", "@opentelemetry/instrumentation-hapi": "0.55.0", "@opentelemetry/instrumentation-http": "0.208.0", "@opentelemetry/instrumentation-ioredis": "0.56.0", "@opentelemetry/instrumentation-kafkajs": "0.18.0", "@opentelemetry/instrumentation-knex": "0.53.0", "@opentelemetry/instrumentation-koa": "0.57.0", "@opentelemetry/instrumentation-lru-memoizer": "0.53.0", "@opentelemetry/instrumentation-mongodb": "0.61.0", "@opentelemetry/instrumentation-mongoose": "0.55.0", "@opentelemetry/instrumentation-mysql": "0.54.0", "@opentelemetry/instrumentation-mysql2": "0.55.0", "@opentelemetry/instrumentation-pg": "0.61.0", "@opentelemetry/instrumentation-redis": "0.57.0", "@opentelemetry/instrumentation-tedious": "0.27.0", "@opentelemetry/instrumentation-undici": "0.19.0", "@opentelemetry/resources": "^2.2.0", "@opentelemetry/sdk-trace-base": "^2.2.0", "@opentelemetry/semantic-conventions": "^1.37.0", "@prisma/instrumentation": "6.19.0", "@sentry/core": "10.32.1", "@sentry/node-core": "10.32.1", "@sentry/opentelemetry": "10.32.1", "import-in-the-middle": "^2", "minimatch": "^9.0.0" } }, "sha512-oxlybzt8QW0lx/QaEj1DcvZDRXkgouewFelu/10dyUwv5So3YvipfvWInda+yMLmn25OggbloDQ0gyScA2jU3g=="],

    "@sentry/node-core": ["@sentry/node-core@10.32.1", "", { "dependencies": { "@apm-js-collab/tracing-hooks": "^0.3.1", "@sentry/core": "10.32.1", "@sentry/opentelemetry": "10.32.1", "import-in-the-middle": "^2" }, "peerDependencies": { "@opentelemetry/api": "^1.9.0", "@opentelemetry/context-async-hooks": "^1.30.1 || ^2.1.0 || ^2.2.0", "@opentelemetry/core": "^1.30.1 || ^2.1.0 || ^2.2.0", "@opentelemetry/instrumentation": ">=0.57.1 <1", "@opentelemetry/resources": "^1.30.1 || ^2.1.0 || ^2.2.0", "@opentelemetry/sdk-trace-base": "^1.30.1 || ^2.1.0 || ^2.2.0", "@opentelemetry/semantic-conventions": "^1.37.0" } }, "sha512-w56rxdBanBKc832zuwnE+zNzUQ19fPxfHEtOhK8JGPu3aSwQYcIxwz9z52lOx3HN7k/8Fj5694qlT3x/PokhRw=="],

    "@sentry/opentelemetry": ["@sentry/opentelemetry@10.32.1", "", { "dependencies": { "@sentry/core": "10.32.1" }, "peerDependencies": { "@opentelemetry/api": "^1.9.0", "@opentelemetry/context-async-hooks": "^1.30.1 || ^2.1.0 || ^2.2.0", "@opentelemetry/core": "^1.30.1 || ^2.1.0 || ^2.2.0", "@opentelemetry/sdk-trace-base": "^1.30.1 || ^2.1.0 || ^2.2.0", "@opentelemetry/semantic-conventions": "^1.37.0" } }, "sha512-YLssSz5Y+qPvufrh2cDaTXDoXU8aceOhB+YTjT8/DLF6SOj7Tzen52aAcjNaifawaxEsLCC8O+B+A2iA+BllvA=="],

    "@sentry/profiling-node": ["@sentry/profiling-node@10.32.1", "", { "dependencies": { "@sentry-internal/node-cpu-profiler": "^2.2.0", "@sentry/core": "10.32.1", "@sentry/node": "10.32.1" }, "bin": { "sentry-prune-profiler-binaries": "scripts/prune-profiler-binaries.js" } }, "sha512-UDSZayQw4K5wv/XNHoB+i+KrnlCStLb0H2lsypF4dgQFCrHXmbwhMh9ieofVGk5bxdmXoL3lSE+3W9cJbpqy2A=="],

    "@standard-schema/spec": ["@standard-schema/spec@1.1.0", "", {}, "sha512-l2aFy5jALhniG5HgqrD6jXLi/rUWrKvqN/qJx6yoJsgKhblVd+iqqU4RCXavm/jPityDo5TCvKMnpjKnOriy0w=="],

    "@types/connect": ["@types/connect@3.4.38", "", { "dependencies": { "@types/node": "*" } }, "sha512-K6uROf1LD88uDQqJCktA4yzL1YYAK6NgfsI0v/mTgyPKWsX1CnJ0XPSDhViejru1GcRkLWb8RlzFYJRqGUbaug=="],

    "@types/mysql": ["@types/mysql@2.15.27", "", { "dependencies": { "@types/node": "*" } }, "sha512-YfWiV16IY0OeBfBCk8+hXKmdTKrKlwKN1MNKAPBu5JYxLwBEZl7QzeEpGnlZb3VMGJrrGmB84gXiH+ofs/TezA=="],

    "@types/node": ["@types/node@22.19.3", "", { "dependencies": { "undici-types": "~6.21.0" } }, ""],

    "@types/pg": ["@types/pg@8.11.6", "", { "dependencies": { "@types/node": "*", "pg-protocol": "*", "pg-types": "^4.0.1" } }, ""],

    "@types/pg-pool": ["@types/pg-pool@2.0.6", "", { "dependencies": { "@types/pg": "*" } }, "sha512-TaAUE5rq2VQYxab5Ts7WZhKNmuN78Q6PiFonTDdpbx8a1H0M1vhy3rhiMjl+e2iHmogyMw7jZF4FrE6eJUy5HQ=="],

    "@types/tedious": ["@types/tedious@4.0.14", "", { "dependencies": { "@types/node": "*" } }, "sha512-KHPsfX/FoVbUGbyYvk1q9MMQHLPeRZhRJZdO45Q4YjvFkv4hMNghCWTvy7rdKessBsmtz4euWCWAB6/tVpI1Iw=="],

    "@vercel/oidc": ["@vercel/oidc@3.0.5", "", {}, "sha512-fnYhv671l+eTTp48gB4zEsTW/YtRgRPnkI2nT7x6qw5rkI1Lq2hTmQIpHPgyThI0znLK+vX2n9XxKdXZ7BUbbw=="],

    "abort-controller": ["abort-controller@3.0.0", "", { "dependencies": { "event-target-shim": "^5.0.0" } }, ""],

    "acorn": ["acorn@8.15.0", "", { "bin": "bin/acorn" }, "sha512-NZyJarBfL7nWwIq+FDL6Zp/yHEhePMNnnJ0y3qfieCrmNvYct8uvtiV41UvlSe6apAfk0fY1FbWx+NwfmpvtTg=="],

    "acorn-import-attributes": ["acorn-import-attributes@1.9.5", "", { "peerDependencies": { "acorn": "^8" } }, "sha512-n02Vykv5uA3eHGM/Z2dQrcD56kL8TyDb2p1+0P83PClMnC/nc+anbQRhIOWnSq4Ke/KvDPrY3C9hDtC/A3eHnQ=="],

    "ai": ["ai@6.0.6", "", { "dependencies": { "@ai-sdk/gateway": "3.0.5", "@ai-sdk/provider": "3.0.1", "@ai-sdk/provider-utils": "4.0.2", "@opentelemetry/api": "1.9.0" }, "peerDependencies": { "zod": "^3.25.76 || ^4.1.8" } }, "sha512-LM0eAMWVn3RTj+0X5O1m/8g+7QiTeWG5aN5FsDbdmCkAQHVg93XxLbljFOLzi0NMjuJgf7fKLKmWoPsrdMyqfw=="],

    "atomic-sleep": ["atomic-sleep@1.0.0", "", {}, ""],

    "balanced-match": ["balanced-match@1.0.2", "", {}, "sha512-3oSeUO0TMV67hN1AmbXsK4yaqU7tjiHlbxRDZOpH0KW9+CeX4bRAaX0Anxt0tx2MrpRpWwQaPwIlISEJhYU5Pw=="],

    "base64-js": ["base64-js@1.5.1", "", {}, ""],

    "brace-expansion": ["brace-expansion@2.0.2", "", { "dependencies": { "balanced-match": "^1.0.0" } }, "sha512-Jt0vHyM+jmUBqojB7E1NIYadt0vI0Qxjxd2TErW94wDz+E2LAm5vKMXXwg6ZZBTHPuUlDgQHKXvjGBdfcF1ZDQ=="],

    "buffer": ["buffer@6.0.3", "", { "dependencies": { "base64-js": "^1.3.1", "ieee754": "^1.2.1" } }, ""],

    "cjs-module-lexer": ["cjs-module-lexer@1.4.3", "", {}, "sha512-9z8TZaGM1pfswYeXrUpzPrkx8UnWYdhJclsiYMm6x/w5+nN+8Tf/LnAgfLGQCm59qAOxU8WwHEq2vNwF6i4j+Q=="],

    "cluster-key-slot": ["cluster-key-slot@1.1.2", "", {}, "sha512-RMr0FhtfXemyinomL4hrWcYJxmX6deFdCxpJzhDttxgO1+bcCnkk+9drydLVDmAMG7NE6aN/fl4F7ucU/90gAA=="],

    "colorette": ["colorette@2.0.20", "", {}, ""],

    "cookie": ["cookie@1.0.2", "", {}, ""],

    "csstype": ["csstype@3.1.3", "", {}, ""],

    "dateformat": ["dateformat@4.6.3", "", {}, ""],

    "debug": ["debug@4.4.3", "", { "dependencies": { "ms": "^2.1.3" } }, "sha512-RGwwWnwQvkVfavKVt22FGLw+xYSdzARwm0ru6DhTVA3umU5hZc28V3kO4stgYryrTlLpuvgI9GiijltAjNbcqA=="],

    "dequal": ["dequal@2.0.3", "", {}, ""],

    "detect-libc": ["detect-libc@2.1.2", "", {}, "sha512-Btj2BOOO83o3WyH59e8MgXsxEQVcarkUOpEYrubB0urwnN10yQ364rsiByU11nZlqWYZm05i/of7io4mzihBtQ=="],

    "dot-case": ["dot-case@3.0.4", "", { "dependencies": { "no-case": "^3.0.4", "tslib": "^2.0.3" } }, ""],

    "dotenv": ["dotenv@16.6.1", "", {}, "sha512-uBq4egWHTcTt33a72vpSG0z3HnPuIl6NqYcTrKEg2azoEyl2hpW0zqlxysq2pK9HlDIHyHyakeYaYnSAwd8bow=="],

    "end-of-stream": ["end-of-stream@1.4.5", "", { "dependencies": { "once": "^1.4.0" } }, ""],

    "event-target-shim": ["event-target-shim@5.0.1", "", {}, ""],

    "events": ["events@3.3.0", "", {}, ""],

    "eventsource-parser": ["eventsource-parser@3.0.6", "", {}, "sha512-Vo1ab+QXPzZ4tCa8SwIHJFaSzy4R6SHf7BY79rFBDf0idraZWAkYrDjDj8uWaSm3S2TK+hJ7/t1CEmZ7jXw+pg=="],

    "fast-copy": ["fast-copy@3.0.2", "", {}, ""],

    "fast-safe-stringify": ["fast-safe-stringify@2.1.1", "", {}, ""],

    "forwarded-parse": ["forwarded-parse@2.1.2", "", {}, "sha512-alTFZZQDKMporBH77856pXgzhEzaUVmLCDk+egLgIgHst3Tpndzz8MnKe+GzRJRfvVdn69HhpW7cmXzvtLvJAw=="],

    "generic-pool": ["generic-pool@3.9.0", "", {}, "sha512-hymDOu5B53XvN4QT9dBmZxPX4CWhBPPLguTZ9MMFeFa/Kg0xWVfylOVNlJji/E7yTZWFd/q9GO5TxDLq156D7g=="],

    "glob-to-regexp": ["glob-to-regexp@0.4.1", "", {}, ""],

    "help-me": ["help-me@5.0.0", "", {}, ""],

    "hono": ["hono@4.11.1", "", {}, ""],

    "ieee754": ["ieee754@1.2.1", "", {}, ""],

    "import-in-the-middle": ["import-in-the-middle@2.0.1", "", { "dependencies": { "acorn": "^8.14.0", "acorn-import-attributes": "^1.9.5", "cjs-module-lexer": "^1.2.2", "module-details-from-path": "^1.0.3" } }, "sha512-bruMpJ7xz+9jwGzrwEhWgvRrlKRYCRDBrfU+ur3FcasYXLJDxTruJ//8g2Noj+QFyRBeqbpj8Bhn4Fbw6HjvhA=="],

    "joycon": ["joycon@3.1.1", "", {}, ""],

    "js-cookie": ["js-cookie@3.0.5", "", {}, ""],

    "json-schema": ["json-schema@0.4.0", "", {}, ""],

    "lower-case": ["lower-case@2.0.2", "", { "dependencies": { "tslib": "^2.0.3" } }, ""],

    "map-obj": ["map-obj@4.3.0", "", {}, ""],

    "minimatch": ["minimatch@9.0.5", "", { "dependencies": { "brace-expansion": "^2.0.1" } }, "sha512-G6T0ZX48xgozx7587koeX9Ys2NYy6Gmv//P89sEte9V9whIapMNF4idKxnW2QtCcLiTWlb/wfCabAtAFWhhBow=="],

    "minimist": ["minimist@1.2.8", "", {}, ""],

    "module-details-from-path": ["module-details-from-path@1.0.4", "", {}, "sha512-EGWKgxALGMgzvxYF1UyGTy0HXX/2vHLkw6+NvDKW2jypWbHpjQuj4UMcqQWXHERJhVGKikolT06G3bcKe4fi7w=="],

    "ms": ["ms@2.1.3", "", {}, "sha512-6FlzubTLZG3J2a/NVCAleEhjzq5oxgHyaCU9yYXvcLsvoVaHJq/s5xXI6/XXP6tz7R9xAOtHnSO/tXtF3WRTlA=="],

    "nanoid": ["nanoid@3.3.11", "", { "bin": "bin/nanoid.cjs" }, ""],

    "no-case": ["no-case@3.0.4", "", { "dependencies": { "lower-case": "^2.0.2", "tslib": "^2.0.3" } }, ""],

    "node-abi": ["node-abi@3.85.0", "", { "dependencies": { "semver": "^7.3.5" } }, "sha512-zsFhmbkAzwhTft6nd3VxcG0cvJsT70rL+BIGHWVq5fi6MwGrHwzqKaxXE+Hl2GmnGItnDKPPkO5/LQqjVkIdFg=="],

    "obuf": ["obuf@1.1.2", "", {}, ""],

    "on-exit-leak-free": ["on-exit-leak-free@2.1.2", "", {}, ""],

    "once": ["once@1.4.0", "", { "dependencies": { "wrappy": "1" } }, ""],

    "pg-int8": ["pg-int8@1.0.1", "", {}, ""],

    "pg-numeric": ["pg-numeric@1.0.2", "", {}, ""],

    "pg-protocol": ["pg-protocol@1.10.3", "", {}, ""],

    "pg-types": ["pg-types@4.1.0", "", { "dependencies": { "pg-int8": "1.0.1", "pg-numeric": "1.0.2", "postgres-array": "~3.0.1", "postgres-bytea": "~3.0.0", "postgres-date": "~2.1.0", "postgres-interval": "^3.0.0", "postgres-range": "^1.1.1" } }, ""],

    "pino": ["pino@9.14.0", "", { "dependencies": { "@pinojs/redact": "^0.4.0", "atomic-sleep": "^1.0.0", "on-exit-leak-free": "^2.1.0", "pino-abstract-transport": "^2.0.0", "pino-std-serializers": "^7.0.0", "process-warning": "^5.0.0", "quick-format-unescaped": "^4.0.3", "real-require": "^0.2.0", "safe-stable-stringify": "^2.3.1", "sonic-boom": "^4.0.1", "thread-stream": "^3.0.0" }, "bin": "bin.js" }, ""],

    "pino-abstract-transport": ["pino-abstract-transport@2.0.0", "", { "dependencies": { "split2": "^4.0.0" } }, ""],

    "pino-pretty": ["pino-pretty@11.3.0", "", { "dependencies": { "colorette": "^2.0.7", "dateformat": "^4.6.3", "fast-copy": "^3.0.2", "fast-safe-stringify": "^2.1.1", "help-me": "^5.0.0", "joycon": "^3.1.1", "minimist": "^1.2.6", "on-exit-leak-free": "^2.1.0", "pino-abstract-transport": "^2.0.0", "pump": "^3.0.0", "readable-stream": "^4.0.0", "secure-json-parse": "^2.4.0", "sonic-boom": "^4.0.1", "strip-json-comments": "^3.1.1" }, "bin": "bin.js" }, ""],

    "pino-std-serializers": ["pino-std-serializers@7.0.0", "", {}, ""],

    "postgres-array": ["postgres-array@3.0.4", "", {}, ""],

    "postgres-bytea": ["postgres-bytea@3.0.0", "", { "dependencies": { "obuf": "~1.1.2" } }, ""],

    "postgres-date": ["postgres-date@2.1.0", "", {}, ""],

    "postgres-interval": ["postgres-interval@3.0.0", "", {}, ""],

    "postgres-range": ["postgres-range@1.1.4", "", {}, ""],

    "process": ["process@0.11.10", "", {}, ""],

    "process-warning": ["process-warning@5.0.0", "", {}, ""],

    "pump": ["pump@3.0.3", "", { "dependencies": { "end-of-stream": "^1.1.0", "once": "^1.3.1" } }, ""],

    "quick-format-unescaped": ["quick-format-unescaped@4.0.4", "", {}, ""],

    "react": ["react@19.2.3", "", {}, ""],

    "readable-stream": ["readable-stream@4.7.0", "", { "dependencies": { "abort-controller": "^3.0.0", "buffer": "^6.0.3", "events": "^3.3.0", "process": "^0.11.10", "string_decoder": "^1.3.0" } }, ""],

    "real-require": ["real-require@0.2.0", "", {}, ""],

    "redis": ["redis@4.7.1", "", { "dependencies": { "@redis/bloom": "1.2.0", "@redis/client": "1.6.1", "@redis/graph": "1.1.1", "@redis/json": "1.0.7", "@redis/search": "1.2.0", "@redis/time-series": "1.1.0" } }, "sha512-S1bJDnqLftzHXHP8JsT5II/CtHWQrASX5K96REjWjlmWKrviSOLWmM7QnRLstAWsu1VBBV1ffV6DzCvxNP0UJQ=="],

    "require-in-the-middle": ["require-in-the-middle@8.0.1", "", { "dependencies": { "debug": "^4.3.5", "module-details-from-path": "^1.0.3" } }, "sha512-QT7FVMXfWOYFbeRBF6nu+I6tr2Tf3u0q8RIEjNob/heKY/nh7drD/k7eeMFmSQgnTtCzLDcCu/XEnpW2wk4xCQ=="],

    "safe-buffer": ["safe-buffer@5.2.1", "", {}, ""],

    "safe-stable-stringify": ["safe-stable-stringify@2.5.0", "", {}, ""],

    "secure-json-parse": ["secure-json-parse@2.7.0", "", {}, ""],

    "semver": ["semver@7.7.3", "", { "bin": "bin/semver.js" }, "sha512-SdsKMrI9TdgjdweUSR9MweHA4EJ8YxHn8DFaDisvhVlUOe4BF1tLD7GAj0lIqWVl+dPb/rExr0Btby5loQm20Q=="],

    "snake-case": ["snake-case@3.0.4", "", { "dependencies": { "dot-case": "^3.0.4", "tslib": "^2.0.3" } }, ""],

    "snakecase-keys": ["snakecase-keys@8.0.1", "", { "dependencies": { "map-obj": "^4.1.0", "snake-case": "^3.0.4", "type-fest": "^4.15.0" } }, ""],

    "sonic-boom": ["sonic-boom@4.2.0", "", { "dependencies": { "atomic-sleep": "^1.0.0" } }, ""],

    "split2": ["split2@4.2.0", "", {}, ""],

    "std-env": ["std-env@3.10.0", "", {}, ""],

    "string_decoder": ["string_decoder@1.3.0", "", { "dependencies": { "safe-buffer": "~5.2.0" } }, ""],

    "strip-json-comments": ["strip-json-comments@3.1.1", "", {}, ""],

    "swr": ["swr@2.3.4", "", { "dependencies": { "dequal": "^2.0.3", "use-sync-external-store": "^1.4.0" }, "peerDependencies": { "react": "^16.11.0 || ^17.0.0 || ^18.0.0 || ^19.0.0" } }, ""],

    "thread-stream": ["thread-stream@3.1.0", "", { "dependencies": { "real-require": "^0.2.0" } }, ""],

    "tslib": ["tslib@2.8.1", "", {}, ""],

    "type-fest": ["type-fest@4.41.0", "", {}, ""],

    "typescript": ["typescript@5.9.3", "", { "bin": { "tsc": "bin/tsc", "tsserver": "bin/tsserver" } }, ""],

    "undici-types": ["undici-types@6.21.0", "", {}, ""],

    "use-sync-external-store": ["use-sync-external-store@1.6.0", "", { "peerDependencies": { "react": "^16.8.0 || ^17.0.0 || ^18.0.0 || ^19.0.0" } }, ""],

    "wrappy": ["wrappy@1.0.2", "", {}, ""],

    "xtend": ["xtend@4.0.2", "", {}, "sha512-LKYU1iAXJXUgAXn9URjiu+MWhyUXHsvfp7mcuYm9dSUKK0/CjtrUwFAxD82/mCWbtLsGjFIad0wIsod4zrTAEQ=="],

    "yallist": ["yallist@4.0.0", "", {}, "sha512-3wdGidZyq5PB084XLES5TpOSRA3wjXAlIWMhum2kRcv/41Sn2emQ0dycQW4uZXLejwKvg6EsvbdlVL+FYEct7A=="],

    "zod": ["zod@3.25.76", "", {}, ""],

    "@ai-sdk/gateway/@ai-sdk/provider": ["@ai-sdk/provider@3.0.1", "", { "dependencies": { "json-schema": "^0.4.0" } }, "sha512-2lR4w7mr9XrydzxBSjir4N6YMGdXD+Np1Sh0RXABh7tWdNFFwIeRI1Q+SaYZMbfL8Pg8RRLcrxQm51yxTLhokg=="],

    "@ai-sdk/gateway/@ai-sdk/provider-utils": ["@ai-sdk/provider-utils@4.0.2", "", { "dependencies": { "@ai-sdk/provider": "3.0.1", "@standard-schema/spec": "^1.1.0", "eventsource-parser": "^3.0.6" }, "peerDependencies": { "zod": "^3.25.76 || ^4.1.8" } }, "sha512-KaykkuRBdF/ffpI5bwpL4aSCmO/99p8/ci+VeHwJO8tmvXtiVAb99QeyvvvXmL61e9Zrvv4GBGoajW19xdjkVQ=="],

    "@opentelemetry/instrumentation-pg/@types/pg": ["@types/pg@8.15.6", "", { "dependencies": { "@types/node": "*", "pg-protocol": "*", "pg-types": "^2.2.0" } }, "sha512-NoaMtzhxOrubeL/7UZuNTrejB4MPAJ0RpxZqXQf2qXuVlTPuG6Y8p4u9dKRaue4yjmC7ZhzVO2/Yyyn25znrPQ=="],

    "ai/@ai-sdk/provider": ["@ai-sdk/provider@3.0.1", "", { "dependencies": { "json-schema": "^0.4.0" } }, "sha512-2lR4w7mr9XrydzxBSjir4N6YMGdXD+Np1Sh0RXABh7tWdNFFwIeRI1Q+SaYZMbfL8Pg8RRLcrxQm51yxTLhokg=="],

    "ai/@ai-sdk/provider-utils": ["@ai-sdk/provider-utils@4.0.2", "", { "dependencies": { "@ai-sdk/provider": "3.0.1", "@standard-schema/spec": "^1.1.0", "eventsource-parser": "^3.0.6" }, "peerDependencies": { "zod": "^3.25.76 || ^4.1.8" } }, "sha512-KaykkuRBdF/ffpI5bwpL4aSCmO/99p8/ci+VeHwJO8tmvXtiVAb99QeyvvvXmL61e9Zrvv4GBGoajW19xdjkVQ=="],

    "@opentelemetry/instrumentation-pg/@types/pg/pg-types": ["pg-types@2.2.0", "", { "dependencies": { "pg-int8": "1.0.1", "postgres-array": "~2.0.0", "postgres-bytea": "~1.0.0", "postgres-date": "~1.0.4", "postgres-interval": "^1.1.0" } }, "sha512-qTAAlrEsl8s4OiEQY69wDvcMIdQN6wdz5ojQiOy6YRMuynxenON0O5oCpJI6lshc6scgAY8qvJ2On/p+CXY0GA=="],

    "@opentelemetry/instrumentation-pg/@types/pg/pg-types/postgres-array": ["postgres-array@2.0.0", "", {}, "sha512-VpZrUqU5A69eQyW2c5CA1jtLecCsN2U/bD6VilrFDWq5+5UIEVO7nazS3TEcHf1zuPYO/sqGvUvW62g86RXZuA=="],

    "@opentelemetry/instrumentation-pg/@types/pg/pg-types/postgres-bytea": ["postgres-bytea@1.0.1", "", {}, "sha512-5+5HqXnsZPE65IJZSMkZtURARZelel2oXUEO8rH83VS/hxH5vv1uHquPg5wZs8yMAfdv971IU+kcPUczi7NVBQ=="],

    "@opentelemetry/instrumentation-pg/@types/pg/pg-types/postgres-date": ["postgres-date@1.0.7", "", {}, "sha512-suDmjLVQg78nMK2UZ454hAG+OAW+HQPZ6n++TNDUX+L0+uUlLywnoxJKDou51Zm+zTCjrCl0Nq6J9C5hP9vK/Q=="],

    "@opentelemetry/instrumentation-pg/@types/pg/pg-types/postgres-interval": ["postgres-interval@1.2.0", "", { "dependencies": { "xtend": "^4.0.0" } }, "sha512-9ZhXKM/rw350N1ovuWHbGxnGh/SNJ4cnxHiM0rxE4VN41wsg8P8zWn9hv/buK00RP4WvlOyr/RBDiptyxVbkZQ=="],
  }
}
